
Microsoft Visual Studio Solution File, Format Version 12.00
# Visual Studio 15
VisualStudioVersion = 15.0.27130.2020
MinimumVisualStudioVersion = 10.0.40219.1
Project("{FAE04EC0-301F-11D3-BF4B-00C04F79EFBC}") = "eo", "eo.csproj", "{1C4E68C3-33AC-4423-86F0-5D69F45E313C}"
EndProject
Global
	GlobalSection(SolutionConfigurationPlatforms) = preSolution
		Debug|Any CPU = Debug|Any CPU
		Release|Any CPU = Release|Any CPU
	EndGlobalSection
	GlobalSection(ProjectConfigurationPlatforms) = postSolution
		{1C4E68C3-33AC-4423-86F0-5D69F45E313C}.Debug|Any CPU.ActiveCfg = Debug|Any CPU
		{1C4E68C3-33AC-4423-86F0-5D69F45E313C}.Debug|Any CPU.Build.0 = Debug|Any CPU
		{1C4E68C3-33AC-4423-86F0-5D69F45E313C}.Release|Any CPU.ActiveCfg = Release|Any CPU
		{1C4E68C3-33AC-4423-86F0-5D69F45E313C}.Release|Any CPU.Build.0 = Release|Any CPU
	EndGlobalSection
	GlobalSection(SolutionProperties) = preSolution
		HideSolutionNode = FALSE
	EndGlobalSection
	GlobalSection(ExtensibilityGlobals) = postSolution
		SolutionGuid = {60EB9F75-B992-4EA5-9BD2-CA3F5443B129}
	EndGlobalSection
EndGlobal
